// !$*UTF8*$!
{
	archiveVersion = 1;
	classes = {
	};
	objectVersion = 50;
	objects = {

/* Begin PBXBuildFile section */
		10A8F71122F7706F00747800 /* AppDelegate.swift in Sources */ = {isa = PBXBuildFile; fileRef = 10A8F71022F7706F00747800 /* AppDelegate.swift */; };
		10A8F71322F7706F00747800 /* ViewController.swift in Sources */ = {isa = PBXBuildFile; fileRef = 10A8F71222F7706F00747800 /* ViewController.swift */; };
		10A8F71622F7706F00747800 /* Main.storyboard in Resources */ = {isa = PBXBuildFile; fileRef = 10A8F71422F7706F00747800 /* Main.storyboard */; };
		10A8F71822F7707100747800 /* Assets.xcassets in Resources */ = {isa = PBXBuildFile; fileRef = 10A8F71722F7707100747800 /* Assets.xcassets */; };
		10A8F71B22F7707100747800 /* LaunchScreen.storyboard in Resources */ = {isa = PBXBuildFile; fileRef = 10A8F71922F7707100747800 /* LaunchScreen.storyboard */; };
		10A8F72B22F770CE00747800 /* CollectionViewFlowLayout.swift in Sources */ = {isa = PBXBuildFile; fileRef = 10A8F72222F770CE00747800 /* CollectionViewFlowLayout.swift */; };
		10A8F72C22F770CE00747800 /* CollectionViewCell.swift in Sources */ = {isa = PBXBuildFile; fileRef = 10A8F72422F770CE00747800 /* CollectionViewCell.swift */; };
		10A8F72D22F770CE00747800 /* Header.swift in Sources */ = {isa = PBXBuildFile; fileRef = 10A8F72522F770CE00747800 /* Header.swift */; };
		10A8F72E22F770CE00747800 /* Header.xib in Resources */ = {isa = PBXBuildFile; fileRef = 10A8F72622F770CE00747800 /* Header.xib */; };
		10A8F72F22F770CE00747800 /* Presenter.swift in Sources */ = {isa = PBXBuildFile; fileRef = 10A8F72822F770CE00747800 /* Presenter.swift */; };
		10A8F73022F770CE00747800 /* UIView.swift in Sources */ = {isa = PBXBuildFile; fileRef = 10A8F72A22F770CE00747800 /* UIView.swift */; };
		10A8F73522F772FD00747800 /* DecorationReusableView.swift in Sources */ = {isa = PBXBuildFile; fileRef = 10A8F73422F772FD00747800 /* DecorationReusableView.swift */; };
/* End PBXBuildFile section */

/* Begin PBXFileReference section */
		10A8F70D22F7706F00747800 /* CollectionViewDecorationDemo.app */ = {isa = PBXFileReference; explicitFileType = wrapper.application; includeInIndex = 0; path = CollectionViewDecorationDemo.app; sourceTree = BUILT_PRODUCTS_DIR; };
		10A8F71022F7706F00747800 /* AppDelegate.swift */ = {isa = PBXFileReference; lastKnownFileType = sourcecode.swift; path = AppDelegate.swift; sourceTree = "<group>"; };
		10A8F71222F7706F00747800 /* ViewController.swift */ = {isa = PBXFileReference; lastKnownFileType = sourcecode.swift; path = ViewController.swift; sourceTree = "<group>"; };
		10A8F71522F7706F00747800 /* Base */ = {isa = PBXFileReference; lastKnownFileType = file.storyboard; name = Base; path = Base.lproj/Main.storyboard; sourceTree = "<group>"; };
		10A8F71722F7707100747800 /* Assets.xcassets */ = {isa = PBXFileReference; lastKnownFileType = folder.assetcatalog; path = Assets.xcassets; sourceTree = "<group>"; };
		10A8F71A22F7707100747800 /* Base */ = {isa = PBXFileReference; lastKnownFileType = file.storyboard; name = Base; path = Base.lproj/LaunchScreen.storyboard; sourceTree = "<group>"; };
		10A8F71C22F7707100747800 /* Info.plist */ = {isa = PBXFileReference; lastKnownFileType = text.plist.xml; path = Info.plist; sourceTree = "<group>"; };
		10A8F72222F770CE00747800 /* CollectionViewFlowLayout.swift */ = {isa = PBXFileReference; fileEncoding = 4; lastKnownFileType = sourcecode.swift; path = CollectionViewFlowLayout.swift; sourceTree = "<group>"; };
		10A8F72422F770CE00747800 /* CollectionViewCell.swift */ = {isa = PBXFileReference; fileEncoding = 4; lastKnownFileType = sourcecode.swift; path = CollectionViewCell.swift; sourceTree = "<group>"; };
		10A8F72522F770CE00747800 /* Header.swift */ = {isa = PBXFileReference; fileEncoding = 4; lastKnownFileType = sourcecode.swift; path = Header.swift; sourceTree = "<group>"; };
		10A8F72622F770CE00747800 /* Header.xib */ = {isa = PBXFileReference; fileEncoding = 4; lastKnownFileType = file.xib; path = Header.xib; sourceTree = "<group>"; };
		10A8F72822F770CE00747800 /* Presenter.swift */ = {isa = PBXFileReference; fileEncoding = 4; lastKnownFileType = sourcecode.swift; path = Presenter.swift; sourceTree = "<group>"; };
		10A8F72A22F770CE00747800 /* UIView.swift */ = {isa = PBXFileReference; fileEncoding = 4; lastKnownFileType = sourcecode.swift; path = UIView.swift; sourceTree = "<group>"; };
		10A8F73422F772FD00747800 /* DecorationReusableView.swift */ = {isa = PBXFileReference; lastKnownFileType = sourcecode.swift; path = DecorationReusableView.swift; sourceTree = "<group>"; };
/* End PBXFileReference section */

/* Begin PBXFrameworksBuildPhase section */
		10A8F70A22F7706F00747800 /* Frameworks */ = {
			isa = PBXFrameworksBuildPhase;
			buildActionMask = 2147483647;
			files = (
			);
			runOnlyForDeploymentPostprocessing = 0;
		};
/* End PBXFrameworksBuildPhase section */

/* Begin PBXGroup section */
		10A8F70422F7706F00747800 = {
			isa = PBXGroup;
			children = (
				10A8F70F22F7706F00747800 /* CollectionViewDecorationDemo */,
				10A8F70E22F7706F00747800 /* Products */,
			);
			sourceTree = "<group>";
		};
		10A8F70E22F7706F00747800 /* Products */ = {
			isa = PBXGroup;
			children = (
				10A8F70D22F7706F00747800 /* CollectionViewDecorationDemo.app */,
			);
			name = Products;
			sourceTree = "<group>";
		};
		10A8F70F22F7706F00747800 /* CollectionViewDecorationDemo */ = {
			isa = PBXGroup;
			children = (
				10A8F71022F7706F00747800 /* AppDelegate.swift */,
				10A8F72922F770CE00747800 /* Extensions */,
				10A8F72322F770CE00747800 /* Views */,
				10A8F72722F770CE00747800 /* Presenter */,
				10A8F71222F7706F00747800 /* ViewController.swift */,
				10A8F72222F770CE00747800 /* CollectionViewFlowLayout.swift */,
				10A8F71422F7706F00747800 /* Main.storyboard */,
				10A8F71722F7707100747800 /* Assets.xcassets */,
				10A8F71922F7707100747800 /* LaunchScreen.storyboard */,
				10A8F71C22F7707100747800 /* Info.plist */,
			);
			path = CollectionViewDecorationDemo;
			sourceTree = "<group>";
		};
		10A8F72322F770CE00747800 /* Views */ = {
			isa = PBXGroup;
			children = (
				10A8F73322F772D800747800 /* DecorationView */,
				10A8F73222F7725200747800 /* Header */,
				10A8F73122F7724800747800 /* Cell */,
			);
			path = Views;
			sourceTree = "<group>";
		};
		10A8F72722F770CE00747800 /* Presenter */ = {
			isa = PBXGroup;
			children = (
				10A8F72822F770CE00747800 /* Presenter.swift */,
			);
			path = Presenter;
			sourceTree = "<group>";
		};
		10A8F72922F770CE00747800 /* Extensions */ = {
			isa = PBXGroup;
			children = (
				10A8F72A22F770CE00747800 /* UIView.swift */,
			);
			path = Extensions;
			sourceTree = "<group>";
		};
		10A8F73122F7724800747800 /* Cell */ = {
			isa = PBXGroup;
			children = (
				10A8F72422F770CE00747800 /* CollectionViewCell.swift */,
			);
			path = Cell;
			sourceTree = "<group>";
		};
		10A8F73222F7725200747800 /* Header */ = {
			isa = PBXGroup;
			children = (
				10A8F72522F770CE00747800 /* Header.swift */,
				10A8F72622F770CE00747800 /* Header.xib */,
			);
			path = Header;
			sourceTree = "<group>";
		};
		10A8F73322F772D800747800 /* DecorationView */ = {
			isa = PBXGroup;
			children = (
				10A8F73422F772FD00747800 /* DecorationReusableView.swift */,
			);
			path = DecorationView;
			sourceTree = "<group>";
		};
/* End PBXGroup section */

/* Begin PBXNativeTarget section */
		10A8F70C22F7706F00747800 /* CollectionViewDecorationDemo */ = {
			isa = PBXNativeTarget;
			buildConfigurationList = 10A8F71F22F7707100747800 /* Build configuration list for PBXNativeTarget "CollectionViewDecorationDemo" */;
			buildPhases = (
				10A8F70922F7706F00747800 /* Sources */,
				10A8F70A22F7706F00747800 /* Frameworks */,
				10A8F70B22F7706F00747800 /* Resources */,
			);
			buildRules = (
			);
			dependencies = (
			);
			name = CollectionViewDecorationDemo;
			productName = CollectionViewDecorationDemo;
			productReference = 10A8F70D22F7706F00747800 /* CollectionViewDecorationDemo.app */;
			productType = "com.apple.product-type.application";
		};
/* End PBXNativeTarget section */

/* Begin PBXProject section */
		10A8F70522F7706F00747800 /* Project object */ = {
			isa = PBXProject;
			attributes = {
				LastSwiftUpdateCheck = 1020;
				LastUpgradeCheck = 1020;
				ORGANIZATIONNAME = "Ayman Ibrahim";
				TargetAttributes = {
					10A8F70C22F7706F00747800 = {
						CreatedOnToolsVersion = 10.2.1;
					};
				};
			};
			buildConfigurationList = 10A8F70822F7706F00747800 /* Build configuration list for PBXProject "CollectionViewDecorationDemo" */;
			compatibilityVersion = "Xcode 9.3";
			developmentRegion = en;
			hasScannedForEncodings = 0;
			knownRegions = (
				en,
				Base,
			);
			mainGroup = 10A8F70422F7706F00747800;
			productRefGroup = 10A8F70E22F7706F00747800 /* Products */;
			projectDirPath = "";
			projectRoot = "";
			targets = (
				10A8F70C22F7706F00747800 /* CollectionViewDecorationDemo */,
			);
		};
/* End PBXProject section */

/* Begin PBXResourcesBuildPhase section */
		10A8F70B22F7706F00747800 /* Resources */ = {
			isa = PBXResourcesBuildPhase;
			buildActionMask = 2147483647;
			files = (
				10A8F72E22F770CE00747800 /* Header.xib in Resources */,
				10A8F71B22F7707100747800 /* LaunchScreen.storyboard in Resources */,
				10A8F71822F7707100747800 /* Assets.xcassets in Resources */,
				10A8F71622F7706F00747800 /* Main.storyboard in Resources */,
			);
			runOnlyForDeploymentPostprocessing = 0;
		};
/* End PBXResourcesBuildPhase section */

/* Begin PBXSourcesBuildPhase section */
		10A8F70922F7706F00747800 /* Sources */ = {
			isa = PBXSourcesBuildPhase;
			buildActionMask = 2147483647;
			files = (
				10A8F72F22F770CE00747800 /* Presenter.swift in Sources */,
				10A8F72D22F770CE00747800 /* Header.swift in Sources */,
				10A8F72B22F770CE00747800 /* CollectionViewFlowLayout.swift in Sources */,
				10A8F73022F770CE00747800 /* UIView.swift in Sources */,
				10A8F71322F7706F00747800 /* ViewController.swift in Sources */,
				10A8F73522F772FD00747800 /* DecorationReusableView.swift in Sources */,
				10A8F72C22F770CE00747800 /* CollectionViewCell.swift in Sources */,
				10A8F71122F7706F00747800 /* AppDelegate.swift in Sources */,
			);
			runOnlyForDeploymentPostprocessing = 0;
		};
/* End PBXSourcesBuildPhase section */

/* Begin PBXVariantGroup section */
		10A8F71422F7706F00747800 /* Main.storyboard */ = {
			isa = PBXVariantGroup;
			children = (
				10A8F71522F7706F00747800 /* Base */,
			);
			name = Main.storyboard;
			sourceTree = "<group>";
		};
		10A8F71922F7707100747800 /* LaunchScreen.storyboard */ = {
			isa = PBXVariantGroup;
			children = (
				10A8F71A22F7707100747800 /* Base */,
			);
			name = LaunchScreen.storyboard;
			sourceTree = "<group>";
		};
/* End PBXVariantGroup section */

/* Begin XCBuildConfiguration section */
		10A8F71D22F7707100747800 /* Debug */ = {
			isa = XCBuildConfiguration;
			buildSettings = {
				ALWAYS_SEARCH_USER_PATHS = NO;
				CLANG_ANALYZER_NONNULL = YES;
				CLANG_ANALYZER_NUMBER_OBJECT_CONVERSION = YES_AGGRESSIVE;
				CLANG_CXX_LANGUAGE_STANDARD = "gnu++14";
				CLANG_CXX_LIBRARY = "libc++";
				CLANG_ENABLE_MODULES = YES;
				CLANG_ENABLE_OBJC_ARC = YES;
				CLANG_ENABLE_OBJC_WEAK = YES;
				CLANG_WARN_BLOCK_CAPTURE_AUTORELEASING = YES;
				CLANG_WARN_BOOL_CONVERSION = YES;
				CLANG_WARN_COMMA = YES;
				CLANG_WARN_CONSTANT_CONVERSION = YES;
				CLANG_WARN_DEPRECATED_OBJC_IMPLEMENTATIONS = YES;
				CLANG_WARN_DIRECT_OBJC_ISA_USAGE = YES_ERROR;
				CLANG_WARN_DOCUMENTATION_COMMENTS = YES;
				CLANG_WARN_EMPTY_BODY = YES;
				CLANG_WARN_ENUM_CONVERSION = YES;
				CLANG_WARN_INFINITE_RECURSION = YES;
				CLANG_WARN_INT_CONVERSION = YES;
				CLANG_WARN_NON_LITERAL_NULL_CONVERSION = YES;
				CLANG_WARN_OBJC_IMPLICIT_RETAIN_SELF = YES;
				CLANG_WARN_OBJC_LITERAL_CONVERSION = YES;
				CLANG_WARN_OBJC_ROOT_CLASS = YES_ERROR;
				CLANG_WARN_RANGE_LOOP_ANALYSIS = YES;
				CLANG_WARN_STRICT_PROTOTYPES = YES;
				CLANG_WARN_SUSPICIOUS_MOVE = YES;
				CLANG_WARN_UNGUARDED_AVAILABILITY = YES_AGGRESSIVE;
				CLANG_WARN_UNREACHABLE_CODE = YES;
				CLANG_WARN__DUPLICATE_METHOD_MATCH = YES;
				CODE_SIGN_IDENTITY = "iPhone Developer";
				COPY_PHASE_STRIP = NO;
				DEBUG_INFORMATION_FORMAT = dwarf;
				ENABLE_STRICT_OBJC_MSGSEND = YES;
				ENABLE_TESTABILITY = YES;
				GCC_C_LANGUAGE_STANDARD = gnu11;
				GCC_DYNAMIC_NO_PIC = NO;
				GCC_NO_COMMON_BLOCKS = YES;
				GCC_OPTIMIZATION_LEVEL = 0;
				GCC_PREPROCESSOR_DEFINITIONS = (
					"DEBUG=1",
					"$(inherited)",
				);
				GCC_WARN_64_TO_32_BIT_CONVERSION = YES;
				GCC_WARN_ABOUT_RETURN_TYPE = YES_ERROR;
				GCC_WARN_UNDECLARED_SELECTOR = YES;
				GCC_WARN_UNINITIALIZED_AUTOS = YES_AGGRESSIVE;
				GCC_WARN_UNUSED_FUNCTION = YES;
				GCC_WARN_UNUSED_VARIABLE = YES;
				IPHONEOS_DEPLOYMENT_TARGET = 12.2;
				MTL_ENABLE_DEBUG_INFO = INCLUDE_SOURCE;
				MTL_FAST_MATH = YES;
				ONLY_ACTIVE_ARCH = YES;
				SDKROOT = iphoneos;
				SWIFT_ACTIVE_COMPILATION_CONDITIONS = DEBUG;
				SWIFT_OPTIMIZATION_LEVEL = "-Onone";
			};
			name = Debug;
		};
		10A8F71E22F7707100747800 /* Release */ = {
			isa = XCBuildConfiguration;
			buildSettings = {
				ALWAYS_SEARCH_USER_PATHS = NO;
				CLANG_ANALYZER_NONNULL = YES;
				CLANG_ANALYZER_NUMBER_OBJECT_CONVERSION = YES_AGGRESSIVE;
				CLANG_CXX_LANGUAGE_STANDARD = "gnu++14";
				CLANG_CXX_LIBRARY = "libc++";
				CLANG_ENABLE_MODULES = YES;
				CLANG_ENABLE_OBJC_ARC = YES;
				CLANG_ENABLE_OBJC_WEAK = YES;
				CLANG_WARN_BLOCK_CAPTURE_AUTORELEASING = YES;
				CLANG_WARN_BOOL_CONVERSION = YES;
				CLANG_WARN_COMMA = YES;
				CLANG_WARN_CONSTANT_CONVERSION = YES;
				CLANG_WARN_DEPRECATED_OBJC_IMPLEMENTATIONS = YES;
				CLANG_WARN_DIRECT_OBJC_ISA_USAGE = YES_ERROR;
				CLANG_WARN_DOCUMENTATION_COMMENTS = YES;
				CLANG_WARN_EMPTY_BODY = YES;
				CLANG_WARN_ENUM_CONVERSION = YES;
				CLANG_WARN_INFINITE_RECURSION = YES;
				CLANG_WARN_INT_CONVERSION = YES;
				CLANG_WARN_NON_LITERAL_NULL_CONVERSION = YES;
				CLANG_WARN_OBJC_IMPLICIT_RETAIN_SELF = YES;
				CLANG_WARN_OBJC_LITERAL_CONVERSION = YES;
				CLANG_WARN_OBJC_ROOT_CLASS = YES_ERROR;
				CLANG_WARN_RANGE_LOOP_ANALYSIS = YES;
				CLANG_WARN_STRICT_PROTOTYPES = YES;
				CLANG_WARN_SUSPICIOUS_MOVE = YES;
				CLANG_WARN_UNGUARDED_AVAILABILITY = YES_AGGRESSIVE;
				CLANG_WARN_UNREACHABLE_CODE = YES;
				CLANG_WARN__DUPLICATE_METHOD_MATCH = YES;
				CODE_SIGN_IDENTITY = "iPhone Developer";
				COPY_PHASE_STRIP = NO;
				DEBUG_INFORMATION_FORMAT = "dwarf-with-dsym";
				ENABLE_NS_ASSERTIONS = NO;
				ENABLE_STRICT_OBJC_MSGSEND = YES;
				GCC_C_LANGUAGE_STANDARD = gnu11;
				GCC_NO_COMMON_BLOCKS = YES;
				GCC_WARN_64_TO_32_BIT_CONVERSION = YES;
				GCC_WARN_ABOUT_RETURN_TYPE = YES_ERROR;
				GCC_WARN_UNDECLARED_SELECTOR = YES;
				GCC_WARN_UNINITIALIZED_AUTOS = YES_AGGRESSIVE;
				GCC_WARN_UNUSED_FUNCTION = YES;
				GCC_WARN_UNUSED_VARIABLE = YES;
				IPHONEOS_DEPLOYMENT_TARGET = 12.2;
				MTL_ENABLE_DEBUG_INFO = NO;
				MTL_FAST_MATH = YES;
				SDKROOT = iphoneos;
				SWIFT_COMPILATION_MODE = wholemodule;
				SWIFT_OPTIMIZATION_LEVEL = "-O";
				VALIDATE_PRODUCT = YES;
			};
			name = Release;
		};
		10A8F72022F7707100747800 /* Debug */ = {
			isa = XCBuildConfiguration;
			buildSettings = {
				ASSETCATALOG_COMPILER_APPICON_NAME = AppIcon;
				CODE_SIGN_STYLE = Automatic;
				DEVELOPMENT_TEAM = F5WVV78ZNX;
				INFOPLIST_FILE = CollectionViewDecorationDemo/Info.plist;
				LD_RUNPATH_SEARCH_PATHS = (
					"$(inherited)",
					"@executable_path/Frameworks",
				);
				PRODUCT_BUNDLE_IDENTIFIER = Me.CollectionViewDecorationDemo;
				PRODUCT_NAME = "$(TARGET_NAME)";
				SWIFT_VERSION = 5.0;
				TARGETED_DEVICE_FAMILY = "1,2";
			};
			name = Debug;
		};
		10A8F72122F7707100747800 /* Release */ = {
			isa = XCBuildConfiguration;
			buildSettings = {
				ASSETCATALOG_COMPILER_APPICON_NAME = AppIcon;
				CODE_SIGN_STYLE = Automatic;
				DEVELOPMENT_TEAM = F5WVV78ZNX;
				INFOPLIST_FILE = CollectionViewDecorationDemo/Info.plist;
				LD_RUNPATH_SEARCH_PATHS = (
					"$(inherited)",
					"@executable_path/Frameworks",
				);
				PRODUCT_BUNDLE_IDENTIFIER = Me.CollectionViewDecorationDemo;
				PRODUCT_NAME = "$(TARGET_NAME)";
				SWIFT_VERSION = 5.0;
				TARGETED_DEVICE_FAMILY = "1,2";
			};
			name = Release;
		};
/* End XCBuildConfiguration section */

/* Begin XCConfigurationList section */
		10A8F70822F7706F00747800 /* Build configuration list for PBXProject "CollectionViewDecorationDemo" */ = {
			isa = XCConfigurationList;
			buildConfigurations = (
				10A8F71D22F7707100747800 /* Debug */,
				10A8F71E22F7707100747800 /* Release */,
			);
			defaultConfigurationIsVisible = 0;
			defaultConfigurationName = Release;
		};
		10A8F71F22F7707100747800 /* Build configuration list for PBXNativeTarget "CollectionViewDecorationDemo" */ = {
			isa = XCConfigurationList;
			buildConfigurations = (
				10A8F72022F7707100747800 /* Debug */,
				10A8F72122F7707100747800 /* Release */,
			);
			defaultConfigurationIsVisible = 0;
			defaultConfigurationName = Release;
		};
/* End XCConfigurationList section */
	};
	rootObject = 10A8F70522F7706F00747800 /* Project object */;
}
